
Microsoft Visual Studio Solution File, Format Version 12.00
# Visual Studio Version 16
VisualStudioVersion = 16.0.36324.18
MinimumVisualStudioVersion = 10.0.40219.1
Project("{FAE04EC0-301F-11D3-BF4B-00C04F79EFBC}") = "ConsoleApp", "ConsoleApp3\ConsoleApp.csproj", "{D97FBC48-0FF1-4741-9CF6-3EBEB1799E3C}"
EndProject
Project("{FAE04EC0-301F-11D3-BF4B-00C04F79EFBC}") = "DLL", "DLL\DLL.csproj", "{DA8E945B-3F5F-487A-B78B-3D3A66771019}"
EndProject
Project("{FAE04EC0-301F-11D3-BF4B-00C04F79EFBC}") = "WFA", "WDF\WFA.csproj", "{2BFE1F4F-46F1-4D7B-8498-572F7074A4BA}"
EndProject
Project("{FAE04EC0-301F-11D3-BF4B-00C04F79EFBC}") = "Web", "Web\Web.csproj", "{BA661D39-C635-4283-9A4C-F103CF98876E}"
EndProject
Global
	GlobalSection(SolutionConfigurationPlatforms) = preSolution
		Debug|Any CPU = Debug|Any CPU
		Release|Any CPU = Release|Any CPU
	EndGlobalSection
	GlobalSection(ProjectConfigurationPlatforms) = postSolution
		{D97FBC48-0FF1-4741-9CF6-3EBEB1799E3C}.Debug|Any CPU.ActiveCfg = Debug|Any CPU
		{D97FBC48-0FF1-4741-9CF6-3EBEB1799E3C}.Debug|Any CPU.Build.0 = Debug|Any CPU
		{D97FBC48-0FF1-4741-9CF6-3EBEB1799E3C}.Release|Any CPU.ActiveCfg = Release|Any CPU
		{D97FBC48-0FF1-4741-9CF6-3EBEB1799E3C}.Release|Any CPU.Build.0 = Release|Any CPU
		{DA8E945B-3F5F-487A-B78B-3D3A66771019}.Debug|Any CPU.ActiveCfg = Debug|Any CPU
		{DA8E945B-3F5F-487A-B78B-3D3A66771019}.Debug|Any CPU.Build.0 = Debug|Any CPU
		{DA8E945B-3F5F-487A-B78B-3D3A66771019}.Release|Any CPU.ActiveCfg = Release|Any CPU
		{DA8E945B-3F5F-487A-B78B-3D3A66771019}.Release|Any CPU.Build.0 = Release|Any CPU
		{2BFE1F4F-46F1-4D7B-8498-572F7074A4BA}.Debug|Any CPU.ActiveCfg = Debug|Any CPU
		{2BFE1F4F-46F1-4D7B-8498-572F7074A4BA}.Debug|Any CPU.Build.0 = Debug|Any CPU
		{2BFE1F4F-46F1-4D7B-8498-572F7074A4BA}.Release|Any CPU.ActiveCfg = Release|Any CPU
		{2BFE1F4F-46F1-4D7B-8498-572F7074A4BA}.Release|Any CPU.Build.0 = Release|Any CPU
		{BA661D39-C635-4283-9A4C-F103CF98876E}.Debug|Any CPU.ActiveCfg = Debug|Any CPU
		{BA661D39-C635-4283-9A4C-F103CF98876E}.Debug|Any CPU.Build.0 = Debug|Any CPU
		{BA661D39-C635-4283-9A4C-F103CF98876E}.Release|Any CPU.ActiveCfg = Release|Any CPU
		{BA661D39-C635-4283-9A4C-F103CF98876E}.Release|Any CPU.Build.0 = Release|Any CPU
	EndGlobalSection
	GlobalSection(SolutionProperties) = preSolution
		HideSolutionNode = FALSE
	EndGlobalSection
	GlobalSection(ExtensibilityGlobals) = postSolution
		SolutionGuid = {53A5BE28-E6B4-42FE-8CD0-669AC516F4E4}
	EndGlobalSection
EndGlobal
